
Microsoft Visual Studio Solution File, Format Version 12.00
# Visual Studio Version 17
VisualStudioVersion = 17.11.35222.181
MinimumVisualStudioVersion = 10.0.40219.1
Project("{FAE04EC0-301F-11D3-BF4B-00C04F79EFBC}") = "lap_trinh_co_so_du_lieu", "lap_trinh_co_so_du_lieu.csproj", "{C8B82692-B89C-413B-B43A-ACF12098475A}"
EndProject
Global
	GlobalSection(SolutionConfigurationPlatforms) = preSolution
		Debug|Any CPU = Debug|Any CPU
		Release|Any CPU = Release|Any CPU
	EndGlobalSection
	GlobalSection(ProjectConfigurationPlatforms) = postSolution
		{C8B82692-B89C-413B-B43A-ACF12098475A}.Debug|Any CPU.ActiveCfg = Debug|Any CPU
		{C8B82692-B89C-413B-B43A-ACF12098475A}.Debug|Any CPU.Build.0 = Debug|Any CPU
		{C8B82692-B89C-413B-B43A-ACF12098475A}.Release|Any CPU.ActiveCfg = Release|Any CPU
		{C8B82692-B89C-413B-B43A-ACF12098475A}.Release|Any CPU.Build.0 = Release|Any CPU
	EndGlobalSection
	GlobalSection(SolutionProperties) = preSolution
		HideSolutionNode = FALSE
	EndGlobalSection
	GlobalSection(ExtensibilityGlobals) = postSolution
		SolutionGuid = {89B380AA-CB74-4BFB-9F12-6FF27D506743}
	EndGlobalSection
EndGlobal
